// !$*UTF8*$!
{
	archiveVersion = 1;
	classes = {
	};
	objectVersion = 56;
	objects = {

/* Begin PBXBuildFile section */
		9A15FCCD29FC343A00F57E2D /* Constants.swift in Sources */ = {isa = PBXBuildFile; fileRef = 9A15FCCC29FC343A00F57E2D /* Constants.swift */; };
		9A15FCCF29FC353E00F57E2D /* ContentMainView.swift in Sources */ = {isa = PBXBuildFile; fileRef = 9A15FCCE29FC353E00F57E2D /* ContentMainView.swift */; };
		9A15FCD129FC560000F57E2D /* SearchListView.swift in Sources */ = {isa = PBXBuildFile; fileRef = 9A15FCD029FC560000F57E2D /* SearchListView.swift */; };
		9A15FCD329FC5EF100F57E2D /* MessagesView.swift in Sources */ = {isa = PBXBuildFile; fileRef = 9A15FCD229FC5EF100F57E2D /* MessagesView.swift */; };
		9A15FCD529FC5F1300F57E2D /* AccountView.swift in Sources */ = {isa = PBXBuildFile; fileRef = 9A15FCD429FC5F1300F57E2D /* AccountView.swift */; };
		9A15FCD729FC5F2300F57E2D /* UserDetailView.swift in Sources */ = {isa = PBXBuildFile; fileRef = 9A15FCD629FC5F2300F57E2D /* UserDetailView.swift */; };
		9A15FCD929FC631800F57E2D /* SearchListViewModel.swift in Sources */ = {isa = PBXBuildFile; fileRef = 9A15FCD829FC631800F57E2D /* SearchListViewModel.swift */; };
		9A4267F729D4DE8E00A9C967 /* RoomieMatchApp.swift in Sources */ = {isa = PBXBuildFile; fileRef = 9A4267F629D4DE8E00A9C967 /* RoomieMatchApp.swift */; };
		9A4267F929D4DE8E00A9C967 /* ContentView.swift in Sources */ = {isa = PBXBuildFile; fileRef = 9A4267F829D4DE8E00A9C967 /* ContentView.swift */; };
		9A4267FB29D4DE8F00A9C967 /* Assets.xcassets in Resources */ = {isa = PBXBuildFile; fileRef = 9A4267FA29D4DE8F00A9C967 /* Assets.xcassets */; };
		9A4267FE29D4DE8F00A9C967 /* Preview Assets.xcassets in Resources */ = {isa = PBXBuildFile; fileRef = 9A4267FD29D4DE8F00A9C967 /* Preview Assets.xcassets */; };
		9A67F8362A00097E00581209 /* GroupCardsView.swift in Sources */ = {isa = PBXBuildFile; fileRef = 9A67F8352A00097E00581209 /* GroupCardsView.swift */; };
		9A67F8392A00434000581209 /* DummyUserGroupsModel.swift in Sources */ = {isa = PBXBuildFile; fileRef = 9A67F8382A00434000581209 /* DummyUserGroupsModel.swift */; };
		9A67F83C2A00484B00581209 /* UserGroups.json in Resources */ = {isa = PBXBuildFile; fileRef = 9A67F8372A0042E600581209 /* UserGroups.json */; };
		9A67F8462A00589E00581209 /* UserAttributesCoverImages.swift in Sources */ = {isa = PBXBuildFile; fileRef = 9A67F83D2A00589E00581209 /* UserAttributesCoverImages.swift */; };
		9A67F8472A00589E00581209 /* UserCreatedResponse.swift in Sources */ = {isa = PBXBuildFile; fileRef = 9A67F83E2A00589E00581209 /* UserCreatedResponse.swift */; };
		9A67F8482A00589E00581209 /* UserAttributes.swift in Sources */ = {isa = PBXBuildFile; fileRef = 9A67F83F2A00589E00581209 /* UserAttributes.swift */; };
		9A67F8492A00589E00581209 /* HealthcheckResponse.swift in Sources */ = {isa = PBXBuildFile; fileRef = 9A67F8402A00589E00581209 /* HealthcheckResponse.swift */; };
		9A67F84A2A00589E00581209 /* Group.swift in Sources */ = {isa = PBXBuildFile; fileRef = 9A67F8412A00589E00581209 /* Group.swift */; };
		9A67F84B2A00589E00581209 /* User.swift in Sources */ = {isa = PBXBuildFile; fileRef = 9A67F8422A00589E00581209 /* User.swift */; };
		9A67F84C2A00589E00581209 /* GetUserGroupsResponse.swift in Sources */ = {isa = PBXBuildFile; fileRef = 9A67F8432A00589E00581209 /* GetUserGroupsResponse.swift */; };
		9A67F84D2A00589E00581209 /* PreferredAttributes.swift in Sources */ = {isa = PBXBuildFile; fileRef = 9A67F8442A00589E00581209 /* PreferredAttributes.swift */; };
		9A67F84E2A00589E00581209 /* UserGroup.swift in Sources */ = {isa = PBXBuildFile; fileRef = 9A67F8452A00589E00581209 /* UserGroup.swift */; };
		9A67F8502A005C2700581209 /* NetworkRequestor.swift in Sources */ = {isa = PBXBuildFile; fileRef = 9A67F84F2A005C2700581209 /* NetworkRequestor.swift */; };
		9A67F8522A00C59C00581209 /* GoogleService-Info.plist in Resources */ = {isa = PBXBuildFile; fileRef = 9A67F8512A00C59C00581209 /* GoogleService-Info.plist */; };
		9A67F8542A00C62C00581209 /* LoginView.swift in Sources */ = {isa = PBXBuildFile; fileRef = 9A67F8532A00C62C00581209 /* LoginView.swift */; };
		9A67F8562A00C63900581209 /* RegisterView.swift in Sources */ = {isa = PBXBuildFile; fileRef = 9A67F8552A00C63900581209 /* RegisterView.swift */; };
		9A67F8592A00C80600581209 /* FirebaseAuth in Frameworks */ = {isa = PBXBuildFile; productRef = 9A67F8582A00C80600581209 /* FirebaseAuth */; };
		9A67F85B2A00C80600581209 /* FirebaseDatabase in Frameworks */ = {isa = PBXBuildFile; productRef = 9A67F85A2A00C80600581209 /* FirebaseDatabase */; };
		9A67F85D2A00C80600581209 /* FirebaseFirestore in Frameworks */ = {isa = PBXBuildFile; productRef = 9A67F85C2A00C80600581209 /* FirebaseFirestore */; };
		9A67F85F2A00C80600581209 /* FirebaseMessaging in Frameworks */ = {isa = PBXBuildFile; productRef = 9A67F85E2A00C80600581209 /* FirebaseMessaging */; };
		9A67F8612A00C80600581209 /* FirebaseStorage in Frameworks */ = {isa = PBXBuildFile; productRef = 9A67F8602A00C80600581209 /* FirebaseStorage */; };
		9ACEA4F729E4AB9B00A450E1 /* UserCard.swift in Sources */ = {isa = PBXBuildFile; fileRef = 9ACEA4F629E4AB9B00A450E1 /* UserCard.swift */; };
/* End PBXBuildFile section */

/* Begin PBXFileReference section */
		9A15FCCC29FC343A00F57E2D /* Constants.swift */ = {isa = PBXFileReference; lastKnownFileType = sourcecode.swift; path = Constants.swift; sourceTree = "<group>"; };
		9A15FCCE29FC353E00F57E2D /* ContentMainView.swift */ = {isa = PBXFileReference; lastKnownFileType = sourcecode.swift; path = ContentMainView.swift; sourceTree = "<group>"; };
		9A15FCD029FC560000F57E2D /* SearchListView.swift */ = {isa = PBXFileReference; lastKnownFileType = sourcecode.swift; path = SearchListView.swift; sourceTree = "<group>"; };
		9A15FCD229FC5EF100F57E2D /* MessagesView.swift */ = {isa = PBXFileReference; lastKnownFileType = sourcecode.swift; path = MessagesView.swift; sourceTree = "<group>"; };
		9A15FCD429FC5F1300F57E2D /* AccountView.swift */ = {isa = PBXFileReference; lastKnownFileType = sourcecode.swift; path = AccountView.swift; sourceTree = "<group>"; };
		9A15FCD629FC5F2300F57E2D /* UserDetailView.swift */ = {isa = PBXFileReference; lastKnownFileType = sourcecode.swift; path = UserDetailView.swift; sourceTree = "<group>"; };
		9A15FCD829FC631800F57E2D /* SearchListViewModel.swift */ = {isa = PBXFileReference; lastKnownFileType = sourcecode.swift; path = SearchListViewModel.swift; sourceTree = "<group>"; };
		9A4267F329D4DE8E00A9C967 /* RoomieMatch.app */ = {isa = PBXFileReference; explicitFileType = wrapper.application; includeInIndex = 0; path = RoomieMatch.app; sourceTree = BUILT_PRODUCTS_DIR; };
		9A4267F629D4DE8E00A9C967 /* RoomieMatchApp.swift */ = {isa = PBXFileReference; lastKnownFileType = sourcecode.swift; path = RoomieMatchApp.swift; sourceTree = "<group>"; };
		9A4267F829D4DE8E00A9C967 /* ContentView.swift */ = {isa = PBXFileReference; lastKnownFileType = sourcecode.swift; path = ContentView.swift; sourceTree = "<group>"; };
		9A4267FA29D4DE8F00A9C967 /* Assets.xcassets */ = {isa = PBXFileReference; lastKnownFileType = folder.assetcatalog; path = Assets.xcassets; sourceTree = "<group>"; };
		9A4267FD29D4DE8F00A9C967 /* Preview Assets.xcassets */ = {isa = PBXFileReference; lastKnownFileType = folder.assetcatalog; path = "Preview Assets.xcassets"; sourceTree = "<group>"; };
		9A67F8352A00097E00581209 /* GroupCardsView.swift */ = {isa = PBXFileReference; lastKnownFileType = sourcecode.swift; path = GroupCardsView.swift; sourceTree = "<group>"; };
		9A67F8372A0042E600581209 /* UserGroups.json */ = {isa = PBXFileReference; lastKnownFileType = text.json; path = UserGroups.json; sourceTree = "<group>"; };
		9A67F8382A00434000581209 /* DummyUserGroupsModel.swift */ = {isa = PBXFileReference; lastKnownFileType = sourcecode.swift; path = DummyUserGroupsModel.swift; sourceTree = "<group>"; };
		9A67F83D2A00589E00581209 /* UserAttributesCoverImages.swift */ = {isa = PBXFileReference; fileEncoding = 4; lastKnownFileType = sourcecode.swift; path = UserAttributesCoverImages.swift; sourceTree = "<group>"; };
		9A67F83E2A00589E00581209 /* UserCreatedResponse.swift */ = {isa = PBXFileReference; fileEncoding = 4; lastKnownFileType = sourcecode.swift; path = UserCreatedResponse.swift; sourceTree = "<group>"; };
		9A67F83F2A00589E00581209 /* UserAttributes.swift */ = {isa = PBXFileReference; fileEncoding = 4; lastKnownFileType = sourcecode.swift; path = UserAttributes.swift; sourceTree = "<group>"; };
		9A67F8402A00589E00581209 /* HealthcheckResponse.swift */ = {isa = PBXFileReference; fileEncoding = 4; lastKnownFileType = sourcecode.swift; path = HealthcheckResponse.swift; sourceTree = "<group>"; };
		9A67F8412A00589E00581209 /* Group.swift */ = {isa = PBXFileReference; fileEncoding = 4; lastKnownFileType = sourcecode.swift; path = Group.swift; sourceTree = "<group>"; };
		9A67F8422A00589E00581209 /* User.swift */ = {isa = PBXFileReference; fileEncoding = 4; lastKnownFileType = sourcecode.swift; path = User.swift; sourceTree = "<group>"; };
		9A67F8432A00589E00581209 /* GetUserGroupsResponse.swift */ = {isa = PBXFileReference; fileEncoding = 4; lastKnownFileType = sourcecode.swift; path = GetUserGroupsResponse.swift; sourceTree = "<group>"; };
		9A67F8442A00589E00581209 /* PreferredAttributes.swift */ = {isa = PBXFileReference; fileEncoding = 4; lastKnownFileType = sourcecode.swift; path = PreferredAttributes.swift; sourceTree = "<group>"; };
		9A67F8452A00589E00581209 /* UserGroup.swift */ = {isa = PBXFileReference; fileEncoding = 4; lastKnownFileType = sourcecode.swift; path = UserGroup.swift; sourceTree = "<group>"; };
		9A67F84F2A005C2700581209 /* NetworkRequestor.swift */ = {isa = PBXFileReference; lastKnownFileType = sourcecode.swift; path = NetworkRequestor.swift; sourceTree = "<group>"; };
		9A67F8512A00C59C00581209 /* GoogleService-Info.plist */ = {isa = PBXFileReference; fileEncoding = 4; lastKnownFileType = text.plist.xml; path = "GoogleService-Info.plist"; sourceTree = "<group>"; };
		9A67F8532A00C62C00581209 /* LoginView.swift */ = {isa = PBXFileReference; lastKnownFileType = sourcecode.swift; path = LoginView.swift; sourceTree = "<group>"; };
		9A67F8552A00C63900581209 /* RegisterView.swift */ = {isa = PBXFileReference; lastKnownFileType = sourcecode.swift; path = RegisterView.swift; sourceTree = "<group>"; };
		9ACEA4F629E4AB9B00A450E1 /* UserCard.swift */ = {isa = PBXFileReference; lastKnownFileType = sourcecode.swift; path = UserCard.swift; sourceTree = "<group>"; };
/* End PBXFileReference section */

/* Begin PBXFrameworksBuildPhase section */
		9A4267F029D4DE8E00A9C967 /* Frameworks */ = {
			isa = PBXFrameworksBuildPhase;
			buildActionMask = 2147483647;
			files = (
				9A67F85F2A00C80600581209 /* FirebaseMessaging in Frameworks */,
				9A67F85B2A00C80600581209 /* FirebaseDatabase in Frameworks */,
				9A67F8592A00C80600581209 /* FirebaseAuth in Frameworks */,
				9A67F8612A00C80600581209 /* FirebaseStorage in Frameworks */,
				9A67F85D2A00C80600581209 /* FirebaseFirestore in Frameworks */,
			);
			runOnlyForDeploymentPostprocessing = 0;
		};
/* End PBXFrameworksBuildPhase section */

/* Begin PBXGroup section */
		9A15FCB629FC322700F57E2D /* Models */ = {
			isa = PBXGroup;
			children = (
				9A67F83A2A00442D00581209 /* DummModels */,
				9A15FCB929FC325B00F57E2D /* GeneratedModels */,
				9A15FCCC29FC343A00F57E2D /* Constants.swift */,
				9A67F84F2A005C2700581209 /* NetworkRequestor.swift */,
			);
			path = Models;
			sourceTree = "<group>";
		};
		9A15FCB729FC323400F57E2D /* ViewModels */ = {
			isa = PBXGroup;
			children = (
				9A15FCD829FC631800F57E2D /* SearchListViewModel.swift */,
			);
			path = ViewModels;
			sourceTree = "<group>";
		};
		9A15FCB829FC324000F57E2D /* Views */ = {
			isa = PBXGroup;
			children = (
				9A4267F829D4DE8E00A9C967 /* ContentView.swift */,
				9ACEA4F629E4AB9B00A450E1 /* UserCard.swift */,
				9A15FCCE29FC353E00F57E2D /* ContentMainView.swift */,
				9A15FCD029FC560000F57E2D /* SearchListView.swift */,
				9A15FCD229FC5EF100F57E2D /* MessagesView.swift */,
				9A15FCD429FC5F1300F57E2D /* AccountView.swift */,
				9A15FCD629FC5F2300F57E2D /* UserDetailView.swift */,
				9A67F8352A00097E00581209 /* GroupCardsView.swift */,
				9A67F8532A00C62C00581209 /* LoginView.swift */,
				9A67F8552A00C63900581209 /* RegisterView.swift */,
			);
			path = Views;
			sourceTree = "<group>";
		};
		9A15FCB929FC325B00F57E2D /* GeneratedModels */ = {
			isa = PBXGroup;
			children = (
				9A67F8432A00589E00581209 /* GetUserGroupsResponse.swift */,
				9A67F8412A00589E00581209 /* Group.swift */,
				9A67F8402A00589E00581209 /* HealthcheckResponse.swift */,
				9A67F8442A00589E00581209 /* PreferredAttributes.swift */,
				9A67F8422A00589E00581209 /* User.swift */,
				9A67F83F2A00589E00581209 /* UserAttributes.swift */,
				9A67F83D2A00589E00581209 /* UserAttributesCoverImages.swift */,
				9A67F83E2A00589E00581209 /* UserCreatedResponse.swift */,
				9A67F8452A00589E00581209 /* UserGroup.swift */,
			);
			path = GeneratedModels;
			sourceTree = "<group>";
		};
		9A4267EA29D4DE8E00A9C967 = {
			isa = PBXGroup;
			children = (
				9A4267F529D4DE8E00A9C967 /* RoomieMatch */,
				9A4267F429D4DE8E00A9C967 /* Products */,
			);
			sourceTree = "<group>";
		};
		9A4267F429D4DE8E00A9C967 /* Products */ = {
			isa = PBXGroup;
			children = (
				9A4267F329D4DE8E00A9C967 /* RoomieMatch.app */,
			);
			name = Products;
			sourceTree = "<group>";
		};
		9A4267F529D4DE8E00A9C967 /* RoomieMatch */ = {
			isa = PBXGroup;
			children = (
				9A67F8512A00C59C00581209 /* GoogleService-Info.plist */,
				9A15FCB829FC324000F57E2D /* Views */,
				9A15FCB729FC323400F57E2D /* ViewModels */,
				9A15FCB629FC322700F57E2D /* Models */,
				9A4267F629D4DE8E00A9C967 /* RoomieMatchApp.swift */,
				9A4267FA29D4DE8F00A9C967 /* Assets.xcassets */,
				9A4267FC29D4DE8F00A9C967 /* Preview Content */,
			);
			path = RoomieMatch;
			sourceTree = "<group>";
		};
		9A4267FC29D4DE8F00A9C967 /* Preview Content */ = {
			isa = PBXGroup;
			children = (
				9A4267FD29D4DE8F00A9C967 /* Preview Assets.xcassets */,
			);
			path = "Preview Content";
			sourceTree = "<group>";
		};
		9A67F83A2A00442D00581209 /* DummModels */ = {
			isa = PBXGroup;
			children = (
				9A67F8372A0042E600581209 /* UserGroups.json */,
				9A67F8382A00434000581209 /* DummyUserGroupsModel.swift */,
			);
			path = DummModels;
			sourceTree = "<group>";
		};
/* End PBXGroup section */

/* Begin PBXNativeTarget section */
		9A4267F229D4DE8E00A9C967 /* RoomieMatch */ = {
			isa = PBXNativeTarget;
			buildConfigurationList = 9A42680129D4DE8F00A9C967 /* Build configuration list for PBXNativeTarget "RoomieMatch" */;
			buildPhases = (
				9A4267EF29D4DE8E00A9C967 /* Sources */,
				9A4267F029D4DE8E00A9C967 /* Frameworks */,
				9A4267F129D4DE8E00A9C967 /* Resources */,
			);
			buildRules = (
			);
			dependencies = (
			);
			name = RoomieMatch;
			packageProductDependencies = (
				9A67F8582A00C80600581209 /* FirebaseAuth */,
				9A67F85A2A00C80600581209 /* FirebaseDatabase */,
				9A67F85C2A00C80600581209 /* FirebaseFirestore */,
				9A67F85E2A00C80600581209 /* FirebaseMessaging */,
				9A67F8602A00C80600581209 /* FirebaseStorage */,
			);
			productName = RoomieMatch;
			productReference = 9A4267F329D4DE8E00A9C967 /* RoomieMatch.app */;
			productType = "com.apple.product-type.application";
		};
/* End PBXNativeTarget section */

/* Begin PBXProject section */
		9A4267EB29D4DE8E00A9C967 /* Project object */ = {
			isa = PBXProject;
			attributes = {
				BuildIndependentTargetsInParallel = 1;
				LastSwiftUpdateCheck = 1420;
				LastUpgradeCheck = 1420;
				TargetAttributes = {
					9A4267F229D4DE8E00A9C967 = {
						CreatedOnToolsVersion = 14.2;
					};
				};
			};
			buildConfigurationList = 9A4267EE29D4DE8E00A9C967 /* Build configuration list for PBXProject "RoomieMatch" */;
			compatibilityVersion = "Xcode 14.0";
			developmentRegion = en;
			hasScannedForEncodings = 0;
			knownRegions = (
				en,
				Base,
			);
			mainGroup = 9A4267EA29D4DE8E00A9C967;
			packageReferences = (
				9A67F8572A00C80600581209 /* XCRemoteSwiftPackageReference "firebase-ios-sdk" */,
			);
			productRefGroup = 9A4267F429D4DE8E00A9C967 /* Products */;
			projectDirPath = "";
			projectRoot = "";
			targets = (
				9A4267F229D4DE8E00A9C967 /* RoomieMatch */,
			);
		};
/* End PBXProject section */

/* Begin PBXResourcesBuildPhase section */
		9A4267F129D4DE8E00A9C967 /* Resources */ = {
			isa = PBXResourcesBuildPhase;
			buildActionMask = 2147483647;
			files = (
				9A4267FE29D4DE8F00A9C967 /* Preview Assets.xcassets in Resources */,
				9A67F8522A00C59C00581209 /* GoogleService-Info.plist in Resources */,
				9A4267FB29D4DE8F00A9C967 /* Assets.xcassets in Resources */,
				9A67F83C2A00484B00581209 /* UserGroups.json in Resources */,
			);
			runOnlyForDeploymentPostprocessing = 0;
		};
/* End PBXResourcesBuildPhase section */

/* Begin PBXSourcesBuildPhase section */
		9A4267EF29D4DE8E00A9C967 /* Sources */ = {
			isa = PBXSourcesBuildPhase;
			buildActionMask = 2147483647;
			files = (
				9A15FCD329FC5EF100F57E2D /* MessagesView.swift in Sources */,
				9A67F84E2A00589E00581209 /* UserGroup.swift in Sources */,
				9A67F84A2A00589E00581209 /* Group.swift in Sources */,
				9A67F84D2A00589E00581209 /* PreferredAttributes.swift in Sources */,
				9A67F8542A00C62C00581209 /* LoginView.swift in Sources */,
				9A15FCD529FC5F1300F57E2D /* AccountView.swift in Sources */,
				9A67F8482A00589E00581209 /* UserAttributes.swift in Sources */,
				9A67F8472A00589E00581209 /* UserCreatedResponse.swift in Sources */,
				9A67F8362A00097E00581209 /* GroupCardsView.swift in Sources */,
				9A67F8392A00434000581209 /* DummyUserGroupsModel.swift in Sources */,
				9A15FCD729FC5F2300F57E2D /* UserDetailView.swift in Sources */,
				9A67F84C2A00589E00581209 /* GetUserGroupsResponse.swift in Sources */,
				9A67F8502A005C2700581209 /* NetworkRequestor.swift in Sources */,
				9A67F8492A00589E00581209 /* HealthcheckResponse.swift in Sources */,
				9A67F8462A00589E00581209 /* UserAttributesCoverImages.swift in Sources */,
				9A4267F929D4DE8E00A9C967 /* ContentView.swift in Sources */,
				9A15FCCF29FC353E00F57E2D /* ContentMainView.swift in Sources */,
				9ACEA4F729E4AB9B00A450E1 /* UserCard.swift in Sources */,
				9A15FCD929FC631800F57E2D /* SearchListViewModel.swift in Sources */,
				9A67F84B2A00589E00581209 /* User.swift in Sources */,
				9A15FCCD29FC343A00F57E2D /* Constants.swift in Sources */,
				9A67F8562A00C63900581209 /* RegisterView.swift in Sources */,
				9A15FCD129FC560000F57E2D /* SearchListView.swift in Sources */,
				9A4267F729D4DE8E00A9C967 /* RoomieMatchApp.swift in Sources */,
			);
			runOnlyForDeploymentPostprocessing = 0;
		};
/* End PBXSourcesBuildPhase section */

/* Begin XCBuildConfiguration section */
		9A4267FF29D4DE8F00A9C967 /* Debug */ = {
			isa = XCBuildConfiguration;
			buildSettings = {
				ALWAYS_SEARCH_USER_PATHS = NO;
				CLANG_ANALYZER_NONNULL = YES;
				CLANG_ANALYZER_NUMBER_OBJECT_CONVERSION = YES_AGGRESSIVE;
				CLANG_CXX_LANGUAGE_STANDARD = "gnu++20";
				CLANG_ENABLE_MODULES = YES;
				CLANG_ENABLE_OBJC_ARC = YES;
				CLANG_ENABLE_OBJC_WEAK = YES;
				CLANG_WARN_BLOCK_CAPTURE_AUTORELEASING = YES;
				CLANG_WARN_BOOL_CONVERSION = YES;
				CLANG_WARN_COMMA = YES;
				CLANG_WARN_CONSTANT_CONVERSION = YES;
				CLANG_WARN_DEPRECATED_OBJC_IMPLEMENTATIONS = YES;
				CLANG_WARN_DIRECT_OBJC_ISA_USAGE = YES_ERROR;
				CLANG_WARN_DOCUMENTATION_COMMENTS = YES;
				CLANG_WARN_EMPTY_BODY = YES;
				CLANG_WARN_ENUM_CONVERSION = YES;
				CLANG_WARN_INFINITE_RECURSION = YES;
				CLANG_WARN_INT_CONVERSION = YES;
				CLANG_WARN_NON_LITERAL_NULL_CONVERSION = YES;
				CLANG_WARN_OBJC_IMPLICIT_RETAIN_SELF = YES;
				CLANG_WARN_OBJC_LITERAL_CONVERSION = YES;
				CLANG_WARN_OBJC_ROOT_CLASS = YES_ERROR;
				CLANG_WARN_QUOTED_INCLUDE_IN_FRAMEWORK_HEADER = YES;
				CLANG_WARN_RANGE_LOOP_ANALYSIS = YES;
				CLANG_WARN_STRICT_PROTOTYPES = YES;
				CLANG_WARN_SUSPICIOUS_MOVE = YES;
				CLANG_WARN_UNGUARDED_AVAILABILITY = YES_AGGRESSIVE;
				CLANG_WARN_UNREACHABLE_CODE = YES;
				CLANG_WARN__DUPLICATE_METHOD_MATCH = YES;
				COPY_PHASE_STRIP = NO;
				DEBUG_INFORMATION_FORMAT = dwarf;
				ENABLE_STRICT_OBJC_MSGSEND = YES;
				ENABLE_TESTABILITY = YES;
				GCC_C_LANGUAGE_STANDARD = gnu11;
				GCC_DYNAMIC_NO_PIC = NO;
				GCC_NO_COMMON_BLOCKS = YES;
				GCC_OPTIMIZATION_LEVEL = 0;
				GCC_PREPROCESSOR_DEFINITIONS = (
					"DEBUG=1",
					"$(inherited)",
				);
				GCC_WARN_64_TO_32_BIT_CONVERSION = YES;
				GCC_WARN_ABOUT_RETURN_TYPE = YES_ERROR;
				GCC_WARN_UNDECLARED_SELECTOR = YES;
				GCC_WARN_UNINITIALIZED_AUTOS = YES_AGGRESSIVE;
				GCC_WARN_UNUSED_FUNCTION = YES;
				GCC_WARN_UNUSED_VARIABLE = YES;
				IPHONEOS_DEPLOYMENT_TARGET = 16.2;
				MTL_ENABLE_DEBUG_INFO = INCLUDE_SOURCE;
				MTL_FAST_MATH = YES;
				ONLY_ACTIVE_ARCH = YES;
				SDKROOT = iphoneos;
				SWIFT_ACTIVE_COMPILATION_CONDITIONS = DEBUG;
				SWIFT_OPTIMIZATION_LEVEL = "-Onone";
			};
			name = Debug;
		};
		9A42680029D4DE8F00A9C967 /* Release */ = {
			isa = XCBuildConfiguration;
			buildSettings = {
				ALWAYS_SEARCH_USER_PATHS = NO;
				CLANG_ANALYZER_NONNULL = YES;
				CLANG_ANALYZER_NUMBER_OBJECT_CONVERSION = YES_AGGRESSIVE;
				CLANG_CXX_LANGUAGE_STANDARD = "gnu++20";
				CLANG_ENABLE_MODULES = YES;
				CLANG_ENABLE_OBJC_ARC = YES;
				CLANG_ENABLE_OBJC_WEAK = YES;
				CLANG_WARN_BLOCK_CAPTURE_AUTORELEASING = YES;
				CLANG_WARN_BOOL_CONVERSION = YES;
				CLANG_WARN_COMMA = YES;
				CLANG_WARN_CONSTANT_CONVERSION = YES;
				CLANG_WARN_DEPRECATED_OBJC_IMPLEMENTATIONS = YES;
				CLANG_WARN_DIRECT_OBJC_ISA_USAGE = YES_ERROR;
				CLANG_WARN_DOCUMENTATION_COMMENTS = YES;
				CLANG_WARN_EMPTY_BODY = YES;
				CLANG_WARN_ENUM_CONVERSION = YES;
				CLANG_WARN_INFINITE_RECURSION = YES;
				CLANG_WARN_INT_CONVERSION = YES;
				CLANG_WARN_NON_LITERAL_NULL_CONVERSION = YES;
				CLANG_WARN_OBJC_IMPLICIT_RETAIN_SELF = YES;
				CLANG_WARN_OBJC_LITERAL_CONVERSION = YES;
				CLANG_WARN_OBJC_ROOT_CLASS = YES_ERROR;
				CLANG_WARN_QUOTED_INCLUDE_IN_FRAMEWORK_HEADER = YES;
				CLANG_WARN_RANGE_LOOP_ANALYSIS = YES;
				CLANG_WARN_STRICT_PROTOTYPES = YES;
				CLANG_WARN_SUSPICIOUS_MOVE = YES;
				CLANG_WARN_UNGUARDED_AVAILABILITY = YES_AGGRESSIVE;
				CLANG_WARN_UNREACHABLE_CODE = YES;
				CLANG_WARN__DUPLICATE_METHOD_MATCH = YES;
				COPY_PHASE_STRIP = NO;
				DEBUG_INFORMATION_FORMAT = "dwarf-with-dsym";
				ENABLE_NS_ASSERTIONS = NO;
				ENABLE_STRICT_OBJC_MSGSEND = YES;
				GCC_C_LANGUAGE_STANDARD = gnu11;
				GCC_NO_COMMON_BLOCKS = YES;
				GCC_WARN_64_TO_32_BIT_CONVERSION = YES;
				GCC_WARN_ABOUT_RETURN_TYPE = YES_ERROR;
				GCC_WARN_UNDECLARED_SELECTOR = YES;
				GCC_WARN_UNINITIALIZED_AUTOS = YES_AGGRESSIVE;
				GCC_WARN_UNUSED_FUNCTION = YES;
				GCC_WARN_UNUSED_VARIABLE = YES;
				IPHONEOS_DEPLOYMENT_TARGET = 16.2;
				MTL_ENABLE_DEBUG_INFO = NO;
				MTL_FAST_MATH = YES;
				SDKROOT = iphoneos;
				SWIFT_COMPILATION_MODE = wholemodule;
				SWIFT_OPTIMIZATION_LEVEL = "-O";
				VALIDATE_PRODUCT = YES;
			};
			name = Release;
		};
		9A42680229D4DE8F00A9C967 /* Debug */ = {
			isa = XCBuildConfiguration;
			buildSettings = {
				ASSETCATALOG_COMPILER_APPICON_NAME = AppIcon;
				ASSETCATALOG_COMPILER_GLOBAL_ACCENT_COLOR_NAME = AccentColor;
				CODE_SIGN_STYLE = Automatic;
				CURRENT_PROJECT_VERSION = 1;
				DEVELOPMENT_ASSET_PATHS = "\"RoomieMatch/Preview Content\"";
				DEVELOPMENT_TEAM = XSL5ZGCFW3;
				ENABLE_PREVIEWS = YES;
				GENERATE_INFOPLIST_FILE = YES;
				INFOPLIST_KEY_UIApplicationSceneManifest_Generation = YES;
				INFOPLIST_KEY_UIApplicationSupportsIndirectInputEvents = YES;
				INFOPLIST_KEY_UILaunchScreen_Generation = YES;
				INFOPLIST_KEY_UISupportedInterfaceOrientations_iPad = "UIInterfaceOrientationPortrait UIInterfaceOrientationPortraitUpsideDown UIInterfaceOrientationLandscapeLeft UIInterfaceOrientationLandscapeRight";
				INFOPLIST_KEY_UISupportedInterfaceOrientations_iPhone = "UIInterfaceOrientationPortrait UIInterfaceOrientationLandscapeLeft UIInterfaceOrientationLandscapeRight";
				LD_RUNPATH_SEARCH_PATHS = (
					"$(inherited)",
					"@executable_path/Frameworks",
				);
				MARKETING_VERSION = 1.0;
				PRODUCT_BUNDLE_IDENTIFIER = edu.syr.RoomieMatch;
				PRODUCT_NAME = "$(TARGET_NAME)";
				SWIFT_EMIT_LOC_STRINGS = YES;
				SWIFT_VERSION = 5.0;
				TARGETED_DEVICE_FAMILY = "1,2";
			};
			name = Debug;
		};
		9A42680329D4DE8F00A9C967 /* Release */ = {
			isa = XCBuildConfiguration;
			buildSettings = {
				ASSETCATALOG_COMPILER_APPICON_NAME = AppIcon;
				ASSETCATALOG_COMPILER_GLOBAL_ACCENT_COLOR_NAME = AccentColor;
				CODE_SIGN_STYLE = Automatic;
				CURRENT_PROJECT_VERSION = 1;
				DEVELOPMENT_ASSET_PATHS = "\"RoomieMatch/Preview Content\"";
				DEVELOPMENT_TEAM = XSL5ZGCFW3;
				ENABLE_PREVIEWS = YES;
				GENERATE_INFOPLIST_FILE = YES;
				INFOPLIST_KEY_UIApplicationSceneManifest_Generation = YES;
				INFOPLIST_KEY_UIApplicationSupportsIndirectInputEvents = YES;
				INFOPLIST_KEY_UILaunchScreen_Generation = YES;
				INFOPLIST_KEY_UISupportedInterfaceOrientations_iPad = "UIInterfaceOrientationPortrait UIInterfaceOrientationPortraitUpsideDown UIInterfaceOrientationLandscapeLeft UIInterfaceOrientationLandscapeRight";
				INFOPLIST_KEY_UISupportedInterfaceOrientations_iPhone = "UIInterfaceOrientationPortrait UIInterfaceOrientationLandscapeLeft UIInterfaceOrientationLandscapeRight";
				LD_RUNPATH_SEARCH_PATHS = (
					"$(inherited)",
					"@executable_path/Frameworks",
				);
				MARKETING_VERSION = 1.0;
				PRODUCT_BUNDLE_IDENTIFIER = edu.syr.RoomieMatch;
				PRODUCT_NAME = "$(TARGET_NAME)";
				SWIFT_EMIT_LOC_STRINGS = YES;
				SWIFT_VERSION = 5.0;
				TARGETED_DEVICE_FAMILY = "1,2";
			};
			name = Release;
		};
/* End XCBuildConfiguration section */

/* Begin XCConfigurationList section */
		9A4267EE29D4DE8E00A9C967 /* Build configuration list for PBXProject "RoomieMatch" */ = {
			isa = XCConfigurationList;
			buildConfigurations = (
				9A4267FF29D4DE8F00A9C967 /* Debug */,
				9A42680029D4DE8F00A9C967 /* Release */,
			);
			defaultConfigurationIsVisible = 0;
			defaultConfigurationName = Release;
		};
		9A42680129D4DE8F00A9C967 /* Build configuration list for PBXNativeTarget "RoomieMatch" */ = {
			isa = XCConfigurationList;
			buildConfigurations = (
				9A42680229D4DE8F00A9C967 /* Debug */,
				9A42680329D4DE8F00A9C967 /* Release */,
			);
			defaultConfigurationIsVisible = 0;
			defaultConfigurationName = Release;
		};
/* End XCConfigurationList section */

/* Begin XCRemoteSwiftPackageReference section */
		9A67F8572A00C80600581209 /* XCRemoteSwiftPackageReference "firebase-ios-sdk" */ = {
			isa = XCRemoteSwiftPackageReference;
			repositoryURL = "https://github.com/firebase/firebase-ios-sdk";
			requirement = {
				kind = upToNextMajorVersion;
				minimumVersion = 10.0.0;
			};
		};
/* End XCRemoteSwiftPackageReference section */

/* Begin XCSwiftPackageProductDependency section */
		9A67F8582A00C80600581209 /* FirebaseAuth */ = {
			isa = XCSwiftPackageProductDependency;
			package = 9A67F8572A00C80600581209 /* XCRemoteSwiftPackageReference "firebase-ios-sdk" */;
			productName = FirebaseAuth;
		};
		9A67F85A2A00C80600581209 /* FirebaseDatabase */ = {
			isa = XCSwiftPackageProductDependency;
			package = 9A67F8572A00C80600581209 /* XCRemoteSwiftPackageReference "firebase-ios-sdk" */;
			productName = FirebaseDatabase;
		};
		9A67F85C2A00C80600581209 /* FirebaseFirestore */ = {
			isa = XCSwiftPackageProductDependency;
			package = 9A67F8572A00C80600581209 /* XCRemoteSwiftPackageReference "firebase-ios-sdk" */;
			productName = FirebaseFirestore;
		};
		9A67F85E2A00C80600581209 /* FirebaseMessaging */ = {
			isa = XCSwiftPackageProductDependency;
			package = 9A67F8572A00C80600581209 /* XCRemoteSwiftPackageReference "firebase-ios-sdk" */;
			productName = FirebaseMessaging;
		};
		9A67F8602A00C80600581209 /* FirebaseStorage */ = {
			isa = XCSwiftPackageProductDependency;
			package = 9A67F8572A00C80600581209 /* XCRemoteSwiftPackageReference "firebase-ios-sdk" */;
			productName = FirebaseStorage;
		};
/* End XCSwiftPackageProductDependency section */
	};
	rootObject = 9A4267EB29D4DE8E00A9C967 /* Project object */;
}
